Microsoft Visual Studio Solution File, Format Version 12.00
# Visual Studio Version 17
VisualStudioVersion = 17.11.35327.3
MinimumVisualStudioVersion = 10.0.40219.1
Project("{9A19103F-16F7-4668-BE54-9A1E7A4F7556}") = "AspireBlazorAIChatBot.ServiceDefaults", "AspireBlazorAIChatBot.ServiceDefaults\AspireBlazorAIChatBot.ServiceDefaults.csproj", "{FBDA6A8B-B91D-4487-83D4-D7C05036001F}"
EndProject
Project("{9A19103F-16F7-4668-BE54-9A1E7A4F7556}") = "AspireBlazorAIChatBot.ApiService", "AspireBlazorAIChatBot.ApiService\AspireBlazorAIChatBot.ApiService.csproj", "{16B8EDF5-9E2B-47B8-85D5-FC4C66C33674}"
EndProject
Project("{9A19103F-16F7-4668-BE54-9A1E7A4F7556}") = "AspireBlazorAIChatBot.Web", "AspireBlazorAIChatBot.Web\AspireBlazorAIChatBot.Web.csproj", "{A0956978-EE55-485B-89A2-8511D4C24A0D}"
EndProject
Project("{9A19103F-16F7-4668-BE54-9A1E7A4F7556}") = "AspireBlazorAIChatBot.AppHost", "AspireBlazorAIChatBot.AppHost\AspireBlazorAIChatBot.AppHost.csproj", "{E99344ED-CF73-4831-92DB-07C5F5DBF775}"
EndProject
Project("{9A19103F-16F7-4668-BE54-9A1E7A4F7556}") = "Aspire.CommunityToolkit.Hosting.Ollama", "Aspire.CommunityToolkit.Hosting.Ollama\Aspire.CommunityToolkit.Hosting.Ollama.csproj", "{FB6432D2-0FE0-45F8-BEEE-63D18C35D3EC}"
EndProject
Global
	GlobalSection(SolutionConfigurationPlatforms) = preSolution
		Debug|Any CPU = Debug|Any CPU
		Release|Any CPU = Release|Any CPU
	EndGlobalSection
	GlobalSection(ProjectConfigurationPlatforms) = postSolution
		{FBDA6A8B-B91D-4487-83D4-D7C05036001F}.Debug|Any CPU.ActiveCfg = Debug|Any CPU
		{FBDA6A8B-B91D-4487-83D4-D7C05036001F}.Debug|Any CPU.Build.0 = Debug|Any CPU
		{FBDA6A8B-B91D-4487-83D4-D7C05036001F}.Release|Any CPU.ActiveCfg = Release|Any CPU
		{FBDA6A8B-B91D-4487-83D4-D7C05036001F}.Release|Any CPU.Build.0 = Release|Any CPU
		{16B8EDF5-9E2B-47B8-85D5-FC4C66C33674}.Debug|Any CPU.ActiveCfg = Debug|Any CPU
		{16B8EDF5-9E2B-47B8-85D5-FC4C66C33674}.Debug|Any CPU.Build.0 = Debug|Any CPU
		{16B8EDF5-9E2B-47B8-85D5-FC4C66C33674}.Release|Any CPU.ActiveCfg = Release|Any CPU
		{16B8EDF5-9E2B-47B8-85D5-FC4C66C33674}.Release|Any CPU.Build.0 = Release|Any CPU
		{A0956978-EE55-485B-89A2-8511D4C24A0D}.Debug|Any CPU.ActiveCfg = Debug|Any CPU
		{A0956978-EE55-485B-89A2-8511D4C24A0D}.Debug|Any CPU.Build.0 = Debug|Any CPU
		{A0956978-EE55-485B-89A2-8511D4C24A0D}.Release|Any CPU.ActiveCfg = Release|Any CPU
		{A0956978-EE55-485B-89A2-8511D4C24A0D}.Release|Any CPU.Build.0 = Release|Any CPU
		{E99344ED-CF73-4831-92DB-07C5F5DBF775}.Debug|Any CPU.ActiveCfg = Debug|Any CPU
		{E99344ED-CF73-4831-92DB-07C5F5DBF775}.Debug|Any CPU.Build.0 = Debug|Any CPU
		{E99344ED-CF73-4831-92DB-07C5F5DBF775}.Release|Any CPU.ActiveCfg = Release|Any CPU
		{E99344ED-CF73-4831-92DB-07C5F5DBF775}.Release|Any CPU.Build.0 = Release|Any CPU
		{FB6432D2-0FE0-45F8-BEEE-63D18C35D3EC}.Debug|Any CPU.ActiveCfg = Debug|Any CPU
		{FB6432D2-0FE0-45F8-BEEE-63D18C35D3EC}.Debug|Any CPU.Build.0 = Debug|Any CPU
		{FB6432D2-0FE0-45F8-BEEE-63D18C35D3EC}.Release|Any CPU.ActiveCfg = Release|Any CPU
		{FB6432D2-0FE0-45F8-BEEE-63D18C35D3EC}.Release|Any CPU.Build.0 = Release|Any CPU
	EndGlobalSection
	GlobalSection(SolutionProperties) = preSolution
		HideSolutionNode = FALSE
	EndGlobalSection
	GlobalSection(ExtensibilityGlobals) = postSolution
		SolutionGuid = {D544A80D-5E63-4BEB-8BDA-CAD6A20543B2}
	EndGlobalSection
EndGlobal
